
Microsoft Visual Studio Solution File, Format Version 12.00
# Visual Studio Version 17
VisualStudioVersion = 17.4.33110.190
MinimumVisualStudioVersion = 10.0.40219.1
Project("{FAE04EC0-301F-11D3-BF4B-00C04F79EFBC}") = "IntroAulaWebApp", "IntroAulaWebApp\IntroAulaWebApp.csproj", "{065E2A85-D5A8-46AA-A151-F57AF9C2F051}"
EndProject
Global
	GlobalSection(SolutionConfigurationPlatforms) = preSolution
		Debug|Any CPU = Debug|Any CPU
		Release|Any CPU = Release|Any CPU
	EndGlobalSection
	GlobalSection(ProjectConfigurationPlatforms) = postSolution
		{065E2A85-D5A8-46AA-A151-F57AF9C2F051}.Debug|Any CPU.ActiveCfg = Debug|Any CPU
		{065E2A85-D5A8-46AA-A151-F57AF9C2F051}.Debug|Any CPU.Build.0 = Debug|Any CPU
		{065E2A85-D5A8-46AA-A151-F57AF9C2F051}.Release|Any CPU.ActiveCfg = Release|Any CPU
		{065E2A85-D5A8-46AA-A151-F57AF9C2F051}.Release|Any CPU.Build.0 = Release|Any CPU
	EndGlobalSection
	GlobalSection(SolutionProperties) = preSolution
		HideSolutionNode = FALSE
	EndGlobalSection
	GlobalSection(ExtensibilityGlobals) = postSolution
		SolutionGuid = {E9576BD1-1024-47A8-97C0-A4B100D54E52}
	EndGlobalSection
EndGlobal
